
Microsoft Visual Studio Solution File, Format Version 12.00
# Visual Studio Version 17
VisualStudioVersion = 17.14.36717.8
MinimumVisualStudioVersion = 10.0.40219.1
Project("{FAE04EC0-301F-11D3-BF4B-00C04F79EFBC}") = "LoanAmortizationCalculator.Core", "LoanAmortizationCalculator.Core\LoanAmortizationCalculator.Core.csproj", "{4D0F2A11-2374-47BB-A498-412121EF4455}"
EndProject
Project("{FAE04EC0-301F-11D3-BF4B-00C04F79EFBC}") = "LoanAmortizationCalculator.Client", "LoanAmortizationCalculator.Client\LoanAmortizationCalculator.Client.csproj", "{B94260A7-7BED-4333-B47A-2D6B841FCD64}"
EndProject
Project("{FAE04EC0-301F-11D3-BF4B-00C04F79EFBC}") = "LoanAmortizationCalculator.Tests", "LoanAmortizationCalculator.Tests\LoanAmortizationCalculator.Tests.csproj", "{60194DEB-4F28-4881-8BEA-D8D250FF8088}"
EndProject
Project("{2150E333-8FDC-42A3-9474-1A3956D46DE8}") = "Solution Items", "Solution Items", "{8EC462FD-D22E-90A8-E5CE-7E832BA40C5D}"
	ProjectSection(SolutionItems) = preProject
		readme.md = readme.md
	EndProjectSection
EndProject
Global
	GlobalSection(SolutionConfigurationPlatforms) = preSolution
		Debug|Any CPU = Debug|Any CPU
		Release|Any CPU = Release|Any CPU
	EndGlobalSection
	GlobalSection(ProjectConfigurationPlatforms) = postSolution
		{4D0F2A11-2374-47BB-A498-412121EF4455}.Debug|Any CPU.ActiveCfg = Debug|Any CPU
		{4D0F2A11-2374-47BB-A498-412121EF4455}.Debug|Any CPU.Build.0 = Debug|Any CPU
		{4D0F2A11-2374-47BB-A498-412121EF4455}.Release|Any CPU.ActiveCfg = Release|Any CPU
		{4D0F2A11-2374-47BB-A498-412121EF4455}.Release|Any CPU.Build.0 = Release|Any CPU
		{B94260A7-7BED-4333-B47A-2D6B841FCD64}.Debug|Any CPU.ActiveCfg = Debug|Any CPU
		{B94260A7-7BED-4333-B47A-2D6B841FCD64}.Debug|Any CPU.Build.0 = Debug|Any CPU
		{B94260A7-7BED-4333-B47A-2D6B841FCD64}.Release|Any CPU.ActiveCfg = Release|Any CPU
		{B94260A7-7BED-4333-B47A-2D6B841FCD64}.Release|Any CPU.Build.0 = Release|Any CPU
		{60194DEB-4F28-4881-8BEA-D8D250FF8088}.Debug|Any CPU.ActiveCfg = Debug|Any CPU
		{60194DEB-4F28-4881-8BEA-D8D250FF8088}.Debug|Any CPU.Build.0 = Debug|Any CPU
		{60194DEB-4F28-4881-8BEA-D8D250FF8088}.Release|Any CPU.ActiveCfg = Release|Any CPU
		{60194DEB-4F28-4881-8BEA-D8D250FF8088}.Release|Any CPU.Build.0 = Release|Any CPU
	EndGlobalSection
	GlobalSection(SolutionProperties) = preSolution
		HideSolutionNode = FALSE
	EndGlobalSection
	GlobalSection(ExtensibilityGlobals) = postSolution
		SolutionGuid = {8B96FB97-2F94-499C-89EB-CDC32B8B205E}
	EndGlobalSection
EndGlobal
